
Microsoft Visual Studio Solution File, Format Version 12.00
# Visual Studio Version 16
VisualStudioVersion = 16.0.31205.134
MinimumVisualStudioVersion = 10.0.40219.1
Project("{FAE04EC0-301F-11D3-BF4B-00C04F79EFBC}") = "小中大学生的平均成绩", "小中大学生的平均成绩.csproj", "{40D8610C-6459-46D5-8D03-EEE26D16E528}"
EndProject
Global
	GlobalSection(SolutionConfigurationPlatforms) = preSolution
		Debug|Any CPU = Debug|Any CPU
		Release|Any CPU = Release|Any CPU
	EndGlobalSection
	GlobalSection(ProjectConfigurationPlatforms) = postSolution
		{40D8610C-6459-46D5-8D03-EEE26D16E528}.Debug|Any CPU.ActiveCfg = Debug|Any CPU
		{40D8610C-6459-46D5-8D03-EEE26D16E528}.Debug|Any CPU.Build.0 = Debug|Any CPU
		{40D8610C-6459-46D5-8D03-EEE26D16E528}.Release|Any CPU.ActiveCfg = Release|Any CPU
		{40D8610C-6459-46D5-8D03-EEE26D16E528}.Release|Any CPU.Build.0 = Release|Any CPU
	EndGlobalSection
	GlobalSection(SolutionProperties) = preSolution
		HideSolutionNode = FALSE
	EndGlobalSection
	GlobalSection(ExtensibilityGlobals) = postSolution
		SolutionGuid = {E74C65F2-260F-4A24-8A4B-A48E9E50BA45}
	EndGlobalSection
EndGlobal
